
Microsoft Visual Studio Solution File, Format Version 12.00
# Visual Studio 2013
VisualStudioVersion = 12.0.31010.0
MinimumVisualStudioVersion = 10.0.40219.1
Project("{FAE04EC0-301F-11D3-BF4B-00C04F79EFBC}") = "BLL", "BLL\BLL.csproj", "{A3D138E7-1C54-4E65-9AFB-3C9443D71F1A}"
EndProject
Project("{FAE04EC0-301F-11D3-BF4B-00C04F79EFBC}") = "Common", "Common\Common.csproj", "{2B4C50F8-3260-4D28-8520-33E0FEC3B1C1}"
EndProject
Project("{FAE04EC0-301F-11D3-BF4B-00C04F79EFBC}") = "Model", "Model\Model.csproj", "{EEB60681-5619-401D-BF6C-8EE6C5138AF4}"
EndProject
Project("{FAE04EC0-301F-11D3-BF4B-00C04F79EFBC}") = "Web", "Web\Web.csproj", "{62A36B97-FF76-46E0-92C8-CA434710ABC4}"
EndProject
Global
	GlobalSection(SolutionConfigurationPlatforms) = preSolution
		Debug|Any CPU = Debug|Any CPU
		Release|Any CPU = Release|Any CPU
	EndGlobalSection
	GlobalSection(ProjectConfigurationPlatforms) = postSolution
		{A3D138E7-1C54-4E65-9AFB-3C9443D71F1A}.Debug|Any CPU.ActiveCfg = Debug|Any CPU
		{A3D138E7-1C54-4E65-9AFB-3C9443D71F1A}.Debug|Any CPU.Build.0 = Debug|Any CPU
		{A3D138E7-1C54-4E65-9AFB-3C9443D71F1A}.Release|Any CPU.ActiveCfg = Release|Any CPU
		{A3D138E7-1C54-4E65-9AFB-3C9443D71F1A}.Release|Any CPU.Build.0 = Release|Any CPU
		{2B4C50F8-3260-4D28-8520-33E0FEC3B1C1}.Debug|Any CPU.ActiveCfg = Debug|Any CPU
		{2B4C50F8-3260-4D28-8520-33E0FEC3B1C1}.Debug|Any CPU.Build.0 = Debug|Any CPU
		{2B4C50F8-3260-4D28-8520-33E0FEC3B1C1}.Release|Any CPU.ActiveCfg = Release|Any CPU
		{2B4C50F8-3260-4D28-8520-33E0FEC3B1C1}.Release|Any CPU.Build.0 = Release|Any CPU
		{EEB60681-5619-401D-BF6C-8EE6C5138AF4}.Debug|Any CPU.ActiveCfg = Debug|Any CPU
		{EEB60681-5619-401D-BF6C-8EE6C5138AF4}.Debug|Any CPU.Build.0 = Debug|Any CPU
		{EEB60681-5619-401D-BF6C-8EE6C5138AF4}.Release|Any CPU.ActiveCfg = Release|Any CPU
		{EEB60681-5619-401D-BF6C-8EE6C5138AF4}.Release|Any CPU.Build.0 = Release|Any CPU
		{62A36B97-FF76-46E0-92C8-CA434710ABC4}.Debug|Any CPU.ActiveCfg = Debug|Any CPU
		{62A36B97-FF76-46E0-92C8-CA434710ABC4}.Debug|Any CPU.Build.0 = Debug|Any CPU
		{62A36B97-FF76-46E0-92C8-CA434710ABC4}.Release|Any CPU.ActiveCfg = Release|Any CPU
		{62A36B97-FF76-46E0-92C8-CA434710ABC4}.Release|Any CPU.Build.0 = Release|Any CPU
	EndGlobalSection
	GlobalSection(SolutionProperties) = preSolution
		HideSolutionNode = FALSE
	EndGlobalSection
EndGlobal
